<Solution>
  <Folder Name="/samples/">
    <Project Path="samples/TestExcelerWebApi/TestExcelerWebApi.csproj" />
  </Folder>
  <Folder Name="/Solution Items/">
    <File Path=".gitignore" />
    <File Path="LICENSE" />
    <File Path="README.md" />
  </Folder>
  <Folder Name="/src/">
    <Project Path="src/Exceler/Exceler.csproj" />
  </Folder>
  <Folder Name="/tests/">
    <Project Path="tests/Exceler.Tests.Unit/Exceler.Tests.csproj" Id="9db7d4b4-939e-459c-96bd-43d2039d9cc4" />
  </Folder>
</Solution>
